
Microsoft Visual Studio Solution File, Format Version 12.00
# Visual Studio Version 16
VisualStudioVersion = 16.0.30611.23
MinimumVisualStudioVersion = 10.0.40219.1
Project("{FAE04EC0-301F-11D3-BF4B-00C04F79EFBC}") = "Taxi_Site_Project", "Taxi_Site_Project\Taxi_Site_Project.csproj", "{CAB82F08-2F54-4E87-9F78-35D3FFFF0DCB}"
EndProject
Project("{FAE04EC0-301F-11D3-BF4B-00C04F79EFBC}") = "EntityLayer", "EntityLayer\EntityLayer.csproj", "{16951604-EFCF-4AFF-81EB-A801C914188B}"
EndProject
Project("{FAE04EC0-301F-11D3-BF4B-00C04F79EFBC}") = "DataAccessLayer", "DataAccessLayer\DataAccessLayer.csproj", "{6B72D0A9-BB04-4DEB-9A76-EE4D2FF05BAF}"
EndProject
Project("{FAE04EC0-301F-11D3-BF4B-00C04F79EFBC}") = "BusinessLayer", "BusinessLayer\BusinessLayer.csproj", "{C5B1252B-4E18-42EC-B336-F587044982A5}"
EndProject
Global
	GlobalSection(SolutionConfigurationPlatforms) = preSolution
		Debug|Any CPU = Debug|Any CPU
		Release|Any CPU = Release|Any CPU
	EndGlobalSection
	GlobalSection(ProjectConfigurationPlatforms) = postSolution
		{CAB82F08-2F54-4E87-9F78-35D3FFFF0DCB}.Debug|Any CPU.ActiveCfg = Debug|Any CPU
		{CAB82F08-2F54-4E87-9F78-35D3FFFF0DCB}.Debug|Any CPU.Build.0 = Debug|Any CPU
		{CAB82F08-2F54-4E87-9F78-35D3FFFF0DCB}.Release|Any CPU.ActiveCfg = Release|Any CPU
		{CAB82F08-2F54-4E87-9F78-35D3FFFF0DCB}.Release|Any CPU.Build.0 = Release|Any CPU
		{16951604-EFCF-4AFF-81EB-A801C914188B}.Debug|Any CPU.ActiveCfg = Debug|Any CPU
		{16951604-EFCF-4AFF-81EB-A801C914188B}.Debug|Any CPU.Build.0 = Debug|Any CPU
		{16951604-EFCF-4AFF-81EB-A801C914188B}.Release|Any CPU.ActiveCfg = Release|Any CPU
		{16951604-EFCF-4AFF-81EB-A801C914188B}.Release|Any CPU.Build.0 = Release|Any CPU
		{6B72D0A9-BB04-4DEB-9A76-EE4D2FF05BAF}.Debug|Any CPU.ActiveCfg = Debug|Any CPU
		{6B72D0A9-BB04-4DEB-9A76-EE4D2FF05BAF}.Debug|Any CPU.Build.0 = Debug|Any CPU
		{6B72D0A9-BB04-4DEB-9A76-EE4D2FF05BAF}.Release|Any CPU.ActiveCfg = Release|Any CPU
		{6B72D0A9-BB04-4DEB-9A76-EE4D2FF05BAF}.Release|Any CPU.Build.0 = Release|Any CPU
		{C5B1252B-4E18-42EC-B336-F587044982A5}.Debug|Any CPU.ActiveCfg = Debug|Any CPU
		{C5B1252B-4E18-42EC-B336-F587044982A5}.Debug|Any CPU.Build.0 = Debug|Any CPU
		{C5B1252B-4E18-42EC-B336-F587044982A5}.Release|Any CPU.ActiveCfg = Release|Any CPU
		{C5B1252B-4E18-42EC-B336-F587044982A5}.Release|Any CPU.Build.0 = Release|Any CPU
	EndGlobalSection
	GlobalSection(SolutionProperties) = preSolution
		HideSolutionNode = FALSE
	EndGlobalSection
	GlobalSection(ExtensibilityGlobals) = postSolution
		SolutionGuid = {7797B57A-178F-474E-AD86-2F54661538FF}
	EndGlobalSection
EndGlobal
